// !$*UTF8*$!
{
	archiveVersion = 1;
	classes = {
	};
	objectVersion = 46;
	objects = {

/* Begin PBXBuildFile section */
		1F5E9FB01C51FDD30082129E /* AppDelegate.swift in Sources */ = {isa = PBXBuildFile; fileRef = 1F5E9FAF1C51FDD30082129E /* AppDelegate.swift */; };
		1F5E9FB21C51FDD30082129E /* ViewController.swift in Sources */ = {isa = PBXBuildFile; fileRef = 1F5E9FB11C51FDD30082129E /* ViewController.swift */; };
		1F5E9FB51C51FDD30082129E /* Main.storyboard in Resources */ = {isa = PBXBuildFile; fileRef = 1F5E9FB31C51FDD30082129E /* Main.storyboard */; };
		1F5E9FB71C51FDD40082129E /* Assets.xcassets in Resources */ = {isa = PBXBuildFile; fileRef = 1F5E9FB61C51FDD40082129E /* Assets.xcassets */; };
/* End PBXBuildFile section */

/* Begin PBXFileReference section */
		1F5E9FAC1C51FDD30082129E /* sample-tvos-app.app */ = {isa = PBXFileReference; explicitFileType = wrapper.application; includeInIndex = 0; path = "sample-tvos-app.app"; sourceTree = BUILT_PRODUCTS_DIR; };
		1F5E9FAF1C51FDD30082129E /* AppDelegate.swift */ = {isa = PBXFileReference; lastKnownFileType = sourcecode.swift; path = AppDelegate.swift; sourceTree = "<group>"; };
		1F5E9FB11C51FDD30082129E /* ViewController.swift */ = {isa = PBXFileReference; lastKnownFileType = sourcecode.swift; path = ViewController.swift; sourceTree = "<group>"; };
		1F5E9FB41C51FDD30082129E /* Base */ = {isa = PBXFileReference; lastKnownFileType = file.storyboard; name = Base; path = Base.lproj/Main.storyboard; sourceTree = "<group>"; };
		1F5E9FB61C51FDD40082129E /* Assets.xcassets */ = {isa = PBXFileReference; lastKnownFileType = folder.assetcatalog; path = Assets.xcassets; sourceTree = "<group>"; };
		1F5E9FB81C51FDD40082129E /* Info.plist */ = {isa = PBXFileReference; lastKnownFileType = text.plist.xml; path = Info.plist; sourceTree = "<group>"; };
/* End PBXFileReference section */

/* Begin PBXFrameworksBuildPhase section */
		1F5E9FA91C51FDD30082129E /* Frameworks */ = {
			isa = PBXFrameworksBuildPhase;
			buildActionMask = 2147483647;
			files = (
			);
			runOnlyForDeploymentPostprocessing = 0;
		};
/* End PBXFrameworksBuildPhase section */

/* Begin PBXGroup section */
		1F5E9FA31C51FDD30082129E = {
			isa = PBXGroup;
			children = (
				1F5E9FAE1C51FDD30082129E /* sample-tvos-app */,
				1F5E9FAD1C51FDD30082129E /* Products */,
			);
			sourceTree = "<group>";
		};
		1F5E9FAD1C51FDD30082129E /* Products */ = {
			isa = PBXGroup;
			children = (
				1F5E9FAC1C51FDD30082129E /* sample-tvos-app.app */,
			);
			name = Products;
			sourceTree = "<group>";
		};
		1F5E9FAE1C51FDD30082129E /* sample-tvos-app */ = {
			isa = PBXGroup;
			children = (
				1F5E9FAF1C51FDD30082129E /* AppDelegate.swift */,
				1F5E9FB11C51FDD30082129E /* ViewController.swift */,
				1F5E9FB31C51FDD30082129E /* Main.storyboard */,
				1F5E9FB61C51FDD40082129E /* Assets.xcassets */,
				1F5E9FB81C51FDD40082129E /* Info.plist */,
			);
			path = "sample-tvos-app";
			sourceTree = "<group>";
		};
/* End PBXGroup section */

/* Begin PBXNativeTarget section */
		1F5E9FAB1C51FDD30082129E /* sample-tvos-app */ = {
			isa = PBXNativeTarget;
			buildConfigurationList = 1F5E9FBB1C51FDD40082129E /* Build configuration list for PBXNativeTarget "sample-tvos-app" */;
			buildPhases = (
				1F5E9FA81C51FDD30082129E /* Sources */,
				1F5E9FA91C51FDD30082129E /* Frameworks */,
				1F5E9FAA1C51FDD30082129E /* Resources */,
			);
			buildRules = (
			);
			dependencies = (
			);
			name = "sample-tvos-app";
			productName = "sample-tvos-app";
			productReference = 1F5E9FAC1C51FDD30082129E /* sample-tvos-app.app */;
			productType = "com.apple.product-type.application";
		};
/* End PBXNativeTarget section */

/* Begin PBXProject section */
		1F5E9FA41C51FDD30082129E /* Project object */ = {
			isa = PBXProject;
			attributes = {
				LastSwiftUpdateCheck = 0720;
				LastUpgradeCheck = 0720;
				ORGANIZATIONNAME = nextscape;
				TargetAttributes = {
					1F5E9FAB1C51FDD30082129E = {
						CreatedOnToolsVersion = 7.2;
					};
				};
			};
			buildConfigurationList = 1F5E9FA71C51FDD30082129E /* Build configuration list for PBXProject "sample-tvos-app" */;
			compatibilityVersion = "Xcode 3.2";
			developmentRegion = English;
			hasScannedForEncodings = 0;
			knownRegions = (
				en,
				Base,
			);
			mainGroup = 1F5E9FA31C51FDD30082129E;
			productRefGroup = 1F5E9FAD1C51FDD30082129E /* Products */;
			projectDirPath = "";
			projectRoot = "";
			targets = (
				1F5E9FAB1C51FDD30082129E /* sample-tvos-app */,
			);
		};
/* End PBXProject section */

/* Begin PBXResourcesBuildPhase section */
		1F5E9FAA1C51FDD30082129E /* Resources */ = {
			isa = PBXResourcesBuildPhase;
			buildActionMask = 2147483647;
			files = (
				1F5E9FB71C51FDD40082129E /* Assets.xcassets in Resources */,
				1F5E9FB51C51FDD30082129E /* Main.storyboard in Resources */,
			);
			runOnlyForDeploymentPostprocessing = 0;
		};
/* End PBXResourcesBuildPhase section */

/* Begin PBXSourcesBuildPhase section */
		1F5E9FA81C51FDD30082129E /* Sources */ = {
			isa = PBXSourcesBuildPhase;
			buildActionMask = 2147483647;
			files = (
				1F5E9FB21C51FDD30082129E /* ViewController.swift in Sources */,
				1F5E9FB01C51FDD30082129E /* AppDelegate.swift in Sources */,
			);
			runOnlyForDeploymentPostprocessing = 0;
		};
/* End PBXSourcesBuildPhase section */

/* Begin PBXVariantGroup section */
		1F5E9FB31C51FDD30082129E /* Main.storyboard */ = {
			isa = PBXVariantGroup;
			children = (
				1F5E9FB41C51FDD30082129E /* Base */,
			);
			name = Main.storyboard;
			sourceTree = "<group>";
		};
/* End PBXVariantGroup section */

/* Begin XCBuildConfiguration section */
		1F5E9FB91C51FDD40082129E /* Debug */ = {
			isa = XCBuildConfiguration;
			buildSettings = {
				ALWAYS_SEARCH_USER_PATHS = NO;
				CLANG_CXX_LANGUAGE_STANDARD = "gnu++0x";
				CLANG_CXX_LIBRARY = "libc++";
				CLANG_ENABLE_MODULES = YES;
				CLANG_ENABLE_OBJC_ARC = YES;
				CLANG_WARN_BOOL_CONVERSION = YES;
				CLANG_WARN_CONSTANT_CONVERSION = YES;
				CLANG_WARN_DIRECT_OBJC_ISA_USAGE = YES_ERROR;
				CLANG_WARN_EMPTY_BODY = YES;
				CLANG_WARN_ENUM_CONVERSION = YES;
				CLANG_WARN_INT_CONVERSION = YES;
				CLANG_WARN_OBJC_ROOT_CLASS = YES_ERROR;
				CLANG_WARN_UNREACHABLE_CODE = YES;
				CLANG_WARN__DUPLICATE_METHOD_MATCH = YES;
				COPY_PHASE_STRIP = NO;
				DEBUG_INFORMATION_FORMAT = dwarf;
				ENABLE_STRICT_OBJC_MSGSEND = YES;
				ENABLE_TESTABILITY = YES;
				GCC_C_LANGUAGE_STANDARD = gnu99;
				GCC_DYNAMIC_NO_PIC = NO;
				GCC_NO_COMMON_BLOCKS = YES;
				GCC_OPTIMIZATION_LEVEL = 0;
				GCC_PREPROCESSOR_DEFINITIONS = (
					"DEBUG=1",
					"$(inherited)",
				);
				GCC_WARN_64_TO_32_BIT_CONVERSION = YES;
				GCC_WARN_ABOUT_RETURN_TYPE = YES_ERROR;
				GCC_WARN_UNDECLARED_SELECTOR = YES;
				GCC_WARN_UNINITIALIZED_AUTOS = YES_AGGRESSIVE;
				GCC_WARN_UNUSED_FUNCTION = YES;
				GCC_WARN_UNUSED_VARIABLE = YES;
				MTL_ENABLE_DEBUG_INFO = YES;
				ONLY_ACTIVE_ARCH = YES;
				SDKROOT = appletvos;
				SWIFT_OPTIMIZATION_LEVEL = "-Onone";
				TARGETED_DEVICE_FAMILY = 3;
				TVOS_DEPLOYMENT_TARGET = 9.1;
			};
			name = Debug;
		};
		1F5E9FBA1C51FDD40082129E /* Release */ = {
			isa = XCBuildConfiguration;
			buildSettings = {
				ALWAYS_SEARCH_USER_PATHS = NO;
				CLANG_CXX_LANGUAGE_STANDARD = "gnu++0x";
				CLANG_CXX_LIBRARY = "libc++";
				CLANG_ENABLE_MODULES = YES;
				CLANG_ENABLE_OBJC_ARC = YES;
				CLANG_WARN_BOOL_CONVERSION = YES;
				CLANG_WARN_CONSTANT_CONVERSION = YES;
				CLANG_WARN_DIRECT_OBJC_ISA_USAGE = YES_ERROR;
				CLANG_WARN_EMPTY_BODY = YES;
				CLANG_WARN_ENUM_CONVERSION = YES;
				CLANG_WARN_INT_CONVERSION = YES;
				CLANG_WARN_OBJC_ROOT_CLASS = YES_ERROR;
				CLANG_WARN_UNREACHABLE_CODE = YES;
				CLANG_WARN__DUPLICATE_METHOD_MATCH = YES;
				COPY_PHASE_STRIP = NO;
				DEBUG_INFORMATION_FORMAT = "dwarf-with-dsym";
				ENABLE_NS_ASSERTIONS = NO;
				ENABLE_STRICT_OBJC_MSGSEND = YES;
				GCC_C_LANGUAGE_STANDARD = gnu99;
				GCC_NO_COMMON_BLOCKS = YES;
				GCC_WARN_64_TO_32_BIT_CONVERSION = YES;
				GCC_WARN_ABOUT_RETURN_TYPE = YES_ERROR;
				GCC_WARN_UNDECLARED_SELECTOR = YES;
				GCC_WARN_UNINITIALIZED_AUTOS = YES_AGGRESSIVE;
				GCC_WARN_UNUSED_FUNCTION = YES;
				GCC_WARN_UNUSED_VARIABLE = YES;
				MTL_ENABLE_DEBUG_INFO = NO;
				SDKROOT = appletvos;
				TARGETED_DEVICE_FAMILY = 3;
				TVOS_DEPLOYMENT_TARGET = 9.1;
				VALIDATE_PRODUCT = YES;
			};
			name = Release;
		};
		1F5E9FBC1C51FDD40082129E /* Debug */ = {
			isa = XCBuildConfiguration;
			buildSettings = {
				ASSETCATALOG_COMPILER_APPICON_NAME = "App Icon & Top Shelf Image";
				ASSETCATALOG_COMPILER_LAUNCHIMAGE_NAME = LaunchImage;
				INFOPLIST_FILE = "sample-tvos-app/Info.plist";
				LD_RUNPATH_SEARCH_PATHS = "$(inherited) @executable_path/Frameworks";
				PRODUCT_BUNDLE_IDENTIFIER = "net.nextscape.sample-tvos-app";
				PRODUCT_NAME = "$(TARGET_NAME)";
			};
			name = Debug;
		};
		1F5E9FBD1C51FDD40082129E /* Release */ = {
			isa = XCBuildConfiguration;
			buildSettings = {
				ASSETCATALOG_COMPILER_APPICON_NAME = "App Icon & Top Shelf Image";
				ASSETCATALOG_COMPILER_LAUNCHIMAGE_NAME = LaunchImage;
				INFOPLIST_FILE = "sample-tvos-app/Info.plist";
				LD_RUNPATH_SEARCH_PATHS = "$(inherited) @executable_path/Frameworks";
				PRODUCT_BUNDLE_IDENTIFIER = "net.nextscape.sample-tvos-app";
				PRODUCT_NAME = "$(TARGET_NAME)";
			};
			name = Release;
		};
/* End XCBuildConfiguration section */

/* Begin XCConfigurationList section */
		1F5E9FA71C51FDD30082129E /* Build configuration list for PBXProject "sample-tvos-app" */ = {
			isa = XCConfigurationList;
			buildConfigurations = (
				1F5E9FB91C51FDD40082129E /* Debug */,
				1F5E9FBA1C51FDD40082129E /* Release */,
			);
			defaultConfigurationIsVisible = 0;
			defaultConfigurationName = Release;
		};
		1F5E9FBB1C51FDD40082129E /* Build configuration list for PBXNativeTarget "sample-tvos-app" */ = {
			isa = XCConfigurationList;
			buildConfigurations = (
				1F5E9FBC1C51FDD40082129E /* Debug */,
				1F5E9FBD1C51FDD40082129E /* Release */,
			);
			defaultConfigurationIsVisible = 0;
		};
/* End XCConfigurationList section */
	};
	rootObject = 1F5E9FA41C51FDD30082129E /* Project object */;
}
